
Microsoft Visual Studio Solution File, Format Version 12.00
# Visual Studio Version 17
VisualStudioVersion = 17.1.31903.286
MinimumVisualStudioVersion = 10.0.40219.1
Project("{2150E333-8FDC-42A3-9474-1A3956D46DE8}") = "src", "src", "{66696E3C-C439-4A2B-8F54-4A11DB53A972}"
EndProject
Project("{2150E333-8FDC-42A3-9474-1A3956D46DE8}") = "tests", "tests", "{C5B9C647-EB20-4AFF-A5C6-9D46D4F5B604}"
EndProject
Project("{9A19103F-16F7-4668-BE54-9A1E7A4F7556}") = "Manthano.Api", "src\Manthano\Server\Api\Manthano.Api.csproj", "{19C6B954-BF08-4BC6-A072-A52B0213A97C}"
EndProject
Project("{9A19103F-16F7-4668-BE54-9A1E7A4F7556}") = "Manthano.Blazor", "src\Manthano\Client\Blazor\Manthano.Blazor.csproj", "{D097B904-9D4B-45B7-AA74-8E7990893001}"
EndProject
Project("{9A19103F-16F7-4668-BE54-9A1E7A4F7556}") = "Manthano.Common", "src\Manthano\Common\Manthano.Common.csproj", "{926C8E18-85A4-4231-9832-A03FC896C668}"
EndProject
Project("{9A19103F-16F7-4668-BE54-9A1E7A4F7556}") = "Manthano.Domain", "src\Manthano\Server\Domain\Manthano.Domain.csproj", "{11BDC86F-0CE9-48B7-86C9-2F8B2E6F18B0}"
EndProject
Project("{9A19103F-16F7-4668-BE54-9A1E7A4F7556}") = "Manthano.Handlers", "src\Manthano\Server\Handlers\Manthano.Handlers.csproj", "{4825562D-C726-48EA-9D43-6BD1D24F6843}"
EndProject
Project("{9A19103F-16F7-4668-BE54-9A1E7A4F7556}") = "Manthano.Persistence", "src\Manthano\Server\Persistence\Manthano.Persistence.csproj", "{6BFD7D73-AA1B-41DA-8225-3C4F7A90A0D7}"
EndProject
Project("{2150E333-8FDC-42A3-9474-1A3956D46DE8}") = "Server", "Server", "{C9C0DA9E-124C-4684-88A6-E12050F9BFBF}"
EndProject
Project("{2150E333-8FDC-42A3-9474-1A3956D46DE8}") = "Client", "Client", "{CB661E48-3A72-4722-86BC-C6663862602D}"
EndProject
Project("{FAE04EC0-301F-11D3-BF4B-00C04F79EFBC}") = "Manthano.Worker", "src\Manthano\Server\Worker\Manthano.Worker.csproj", "{33A71CB9-CC54-49F1-BF69-E08205028AB4}"
EndProject
Global
	GlobalSection(SolutionConfigurationPlatforms) = preSolution
		Debug|Any CPU = Debug|Any CPU
		Release|Any CPU = Release|Any CPU
	EndGlobalSection
	GlobalSection(ProjectConfigurationPlatforms) = postSolution
		{19C6B954-BF08-4BC6-A072-A52B0213A97C}.Debug|Any CPU.ActiveCfg = Debug|Any CPU
		{19C6B954-BF08-4BC6-A072-A52B0213A97C}.Debug|Any CPU.Build.0 = Debug|Any CPU
		{19C6B954-BF08-4BC6-A072-A52B0213A97C}.Release|Any CPU.ActiveCfg = Release|Any CPU
		{19C6B954-BF08-4BC6-A072-A52B0213A97C}.Release|Any CPU.Build.0 = Release|Any CPU
		{D097B904-9D4B-45B7-AA74-8E7990893001}.Debug|Any CPU.ActiveCfg = Debug|Any CPU
		{D097B904-9D4B-45B7-AA74-8E7990893001}.Debug|Any CPU.Build.0 = Debug|Any CPU
		{D097B904-9D4B-45B7-AA74-8E7990893001}.Release|Any CPU.ActiveCfg = Release|Any CPU
		{D097B904-9D4B-45B7-AA74-8E7990893001}.Release|Any CPU.Build.0 = Release|Any CPU
		{926C8E18-85A4-4231-9832-A03FC896C668}.Debug|Any CPU.ActiveCfg = Debug|Any CPU
		{926C8E18-85A4-4231-9832-A03FC896C668}.Debug|Any CPU.Build.0 = Debug|Any CPU
		{926C8E18-85A4-4231-9832-A03FC896C668}.Release|Any CPU.ActiveCfg = Release|Any CPU
		{926C8E18-85A4-4231-9832-A03FC896C668}.Release|Any CPU.Build.0 = Release|Any CPU
		{11BDC86F-0CE9-48B7-86C9-2F8B2E6F18B0}.Debug|Any CPU.ActiveCfg = Debug|Any CPU
		{11BDC86F-0CE9-48B7-86C9-2F8B2E6F18B0}.Debug|Any CPU.Build.0 = Debug|Any CPU
		{11BDC86F-0CE9-48B7-86C9-2F8B2E6F18B0}.Release|Any CPU.ActiveCfg = Release|Any CPU
		{11BDC86F-0CE9-48B7-86C9-2F8B2E6F18B0}.Release|Any CPU.Build.0 = Release|Any CPU
		{4825562D-C726-48EA-9D43-6BD1D24F6843}.Debug|Any CPU.ActiveCfg = Debug|Any CPU
		{4825562D-C726-48EA-9D43-6BD1D24F6843}.Debug|Any CPU.Build.0 = Debug|Any CPU
		{4825562D-C726-48EA-9D43-6BD1D24F6843}.Release|Any CPU.ActiveCfg = Release|Any CPU
		{4825562D-C726-48EA-9D43-6BD1D24F6843}.Release|Any CPU.Build.0 = Release|Any CPU
		{6BFD7D73-AA1B-41DA-8225-3C4F7A90A0D7}.Debug|Any CPU.ActiveCfg = Debug|Any CPU
		{6BFD7D73-AA1B-41DA-8225-3C4F7A90A0D7}.Debug|Any CPU.Build.0 = Debug|Any CPU
		{6BFD7D73-AA1B-41DA-8225-3C4F7A90A0D7}.Release|Any CPU.ActiveCfg = Release|Any CPU
		{6BFD7D73-AA1B-41DA-8225-3C4F7A90A0D7}.Release|Any CPU.Build.0 = Release|Any CPU
		{33A71CB9-CC54-49F1-BF69-E08205028AB4}.Debug|Any CPU.ActiveCfg = Debug|Any CPU
		{33A71CB9-CC54-49F1-BF69-E08205028AB4}.Debug|Any CPU.Build.0 = Debug|Any CPU
		{33A71CB9-CC54-49F1-BF69-E08205028AB4}.Release|Any CPU.ActiveCfg = Release|Any CPU
		{33A71CB9-CC54-49F1-BF69-E08205028AB4}.Release|Any CPU.Build.0 = Release|Any CPU
	EndGlobalSection
	GlobalSection(SolutionProperties) = preSolution
		HideSolutionNode = FALSE
	EndGlobalSection
	GlobalSection(NestedProjects) = preSolution
		{19C6B954-BF08-4BC6-A072-A52B0213A97C} = {C9C0DA9E-124C-4684-88A6-E12050F9BFBF}
		{D097B904-9D4B-45B7-AA74-8E7990893001} = {CB661E48-3A72-4722-86BC-C6663862602D}
		{926C8E18-85A4-4231-9832-A03FC896C668} = {66696E3C-C439-4A2B-8F54-4A11DB53A972}
		{11BDC86F-0CE9-48B7-86C9-2F8B2E6F18B0} = {C9C0DA9E-124C-4684-88A6-E12050F9BFBF}
		{4825562D-C726-48EA-9D43-6BD1D24F6843} = {C9C0DA9E-124C-4684-88A6-E12050F9BFBF}
		{6BFD7D73-AA1B-41DA-8225-3C4F7A90A0D7} = {C9C0DA9E-124C-4684-88A6-E12050F9BFBF}
		{C9C0DA9E-124C-4684-88A6-E12050F9BFBF} = {66696E3C-C439-4A2B-8F54-4A11DB53A972}
		{CB661E48-3A72-4722-86BC-C6663862602D} = {66696E3C-C439-4A2B-8F54-4A11DB53A972}
		{33A71CB9-CC54-49F1-BF69-E08205028AB4} = {C9C0DA9E-124C-4684-88A6-E12050F9BFBF}
	EndGlobalSection
	GlobalSection(ExtensibilityGlobals) = postSolution
		SolutionGuid = {7F813F8D-DD5C-4F5D-9181-D3FE44BD0251}
	EndGlobalSection
EndGlobal
